// !$*UTF8*$!
{
	archiveVersion = 1;
	classes = {
	};
	objectVersion = 50;
	objects = {

/* Begin PBXBuildFile section */
		854969A877791936BD86F2B2 /* libPods-GPUFilter.a in Frameworks */ = {isa = PBXBuildFile; fileRef = A50D04E63502DA7B3733E02A /* libPods-GPUFilter.a */; };
		C5A507D521146006006F986D /* GPUFilter.m in Sources */ = {isa = PBXBuildFile; fileRef = C5A507D421146006006F986D /* GPUFilter.m */; };
		C5A507D621146006006F986D /* GPUFilter.h in CopyFiles */ = {isa = PBXBuildFile; fileRef = C5A507D321146006006F986D /* GPUFilter.h */; };
		C5C38D3921143ED100353508 /* AppDelegate.m in Sources */ = {isa = PBXBuildFile; fileRef = C5C38D3821143ED100353508 /* AppDelegate.m */; };
		C5C38D3C21143ED100353508 /* ViewController.mm in Sources */ = {isa = PBXBuildFile; fileRef = C5C38D3B21143ED100353508 /* ViewController.mm */; };
		C5C38D3F21143ED100353508 /* Main.storyboard in Resources */ = {isa = PBXBuildFile; fileRef = C5C38D3D21143ED100353508 /* Main.storyboard */; };
		C5C38D4121143ED200353508 /* Assets.xcassets in Resources */ = {isa = PBXBuildFile; fileRef = C5C38D4021143ED200353508 /* Assets.xcassets */; };
		C5C38D4421143ED200353508 /* LaunchScreen.storyboard in Resources */ = {isa = PBXBuildFile; fileRef = C5C38D4221143ED200353508 /* LaunchScreen.storyboard */; };
		C5C38D4721143ED200353508 /* main.m in Sources */ = {isa = PBXBuildFile; fileRef = C5C38D4621143ED200353508 /* main.m */; };
		FB26612C72A493EDB9E3F3C0 /* libPods-GPUImageDemo.a in Frameworks */ = {isa = PBXBuildFile; fileRef = 04F4A671CA0B598F6DC5B0D5 /* libPods-GPUImageDemo.a */; };
/* End PBXBuildFile section */

/* Begin PBXCopyFilesBuildPhase section */
		C5A507CF21146006006F986D /* CopyFiles */ = {
			isa = PBXCopyFilesBuildPhase;
			buildActionMask = 2147483647;
			dstPath = "include/$(PRODUCT_NAME)";
			dstSubfolderSpec = 16;
			files = (
				C5A507D621146006006F986D /* GPUFilter.h in CopyFiles */,
			);
			runOnlyForDeploymentPostprocessing = 0;
		};
/* End PBXCopyFilesBuildPhase section */

/* Begin PBXFileReference section */
		04F4A671CA0B598F6DC5B0D5 /* libPods-GPUImageDemo.a */ = {isa = PBXFileReference; explicitFileType = archive.ar; includeInIndex = 0; path = "libPods-GPUImageDemo.a"; sourceTree = BUILT_PRODUCTS_DIR; };
		23751A98B01168112B7CFD18 /* Pods-GPUImageDemo.release.xcconfig */ = {isa = PBXFileReference; includeInIndex = 1; lastKnownFileType = text.xcconfig; name = "Pods-GPUImageDemo.release.xcconfig"; path = "Pods/Target Support Files/Pods-GPUImageDemo/Pods-GPUImageDemo.release.xcconfig"; sourceTree = "<group>"; };
		513AD75648BED7F23953C318 /* Pods-GPUImageDemo.debug.xcconfig */ = {isa = PBXFileReference; includeInIndex = 1; lastKnownFileType = text.xcconfig; name = "Pods-GPUImageDemo.debug.xcconfig"; path = "Pods/Target Support Files/Pods-GPUImageDemo/Pods-GPUImageDemo.debug.xcconfig"; sourceTree = "<group>"; };
		623C01DB30D4FB3016C3E7FA /* Pods-GPUFilter.release.xcconfig */ = {isa = PBXFileReference; includeInIndex = 1; lastKnownFileType = text.xcconfig; name = "Pods-GPUFilter.release.xcconfig"; path = "Pods/Target Support Files/Pods-GPUFilter/Pods-GPUFilter.release.xcconfig"; sourceTree = "<group>"; };
		8B3BAC1AA8402CB8F96FBE7C /* Pods-GPUFilter.debug.xcconfig */ = {isa = PBXFileReference; includeInIndex = 1; lastKnownFileType = text.xcconfig; name = "Pods-GPUFilter.debug.xcconfig"; path = "Pods/Target Support Files/Pods-GPUFilter/Pods-GPUFilter.debug.xcconfig"; sourceTree = "<group>"; };
		A50D04E63502DA7B3733E02A /* libPods-GPUFilter.a */ = {isa = PBXFileReference; explicitFileType = archive.ar; includeInIndex = 0; path = "libPods-GPUFilter.a"; sourceTree = BUILT_PRODUCTS_DIR; };
		C5A507D121146006006F986D /* libGPUFilter.a */ = {isa = PBXFileReference; explicitFileType = archive.ar; includeInIndex = 0; path = libGPUFilter.a; sourceTree = BUILT_PRODUCTS_DIR; };
		C5A507D321146006006F986D /* GPUFilter.h */ = {isa = PBXFileReference; lastKnownFileType = sourcecode.c.h; path = GPUFilter.h; sourceTree = "<group>"; };
		C5A507D421146006006F986D /* GPUFilter.m */ = {isa = PBXFileReference; lastKnownFileType = sourcecode.c.objc; path = GPUFilter.m; sourceTree = "<group>"; };
		C5C38D3421143ED100353508 /* GPUImageDemo.app */ = {isa = PBXFileReference; explicitFileType = wrapper.application; includeInIndex = 0; path = GPUImageDemo.app; sourceTree = BUILT_PRODUCTS_DIR; };
		C5C38D3721143ED100353508 /* AppDelegate.h */ = {isa = PBXFileReference; lastKnownFileType = sourcecode.c.h; path = AppDelegate.h; sourceTree = "<group>"; };
		C5C38D3821143ED100353508 /* AppDelegate.m */ = {isa = PBXFileReference; lastKnownFileType = sourcecode.c.objc; path = AppDelegate.m; sourceTree = "<group>"; };
		C5C38D3A21143ED100353508 /* ViewController.h */ = {isa = PBXFileReference; lastKnownFileType = sourcecode.c.h; path = ViewController.h; sourceTree = "<group>"; };
		C5C38D3B21143ED100353508 /* ViewController.mm */ = {isa = PBXFileReference; lastKnownFileType = sourcecode.cpp.objcpp; path = ViewController.mm; sourceTree = "<group>"; };
		C5C38D3E21143ED100353508 /* Base */ = {isa = PBXFileReference; lastKnownFileType = file.storyboard; name = Base; path = Base.lproj/Main.storyboard; sourceTree = "<group>"; };
		C5C38D4021143ED200353508 /* Assets.xcassets */ = {isa = PBXFileReference; lastKnownFileType = folder.assetcatalog; path = Assets.xcassets; sourceTree = "<group>"; };
		C5C38D4321143ED200353508 /* Base */ = {isa = PBXFileReference; lastKnownFileType = file.storyboard; name = Base; path = Base.lproj/LaunchScreen.storyboard; sourceTree = "<group>"; };
		C5C38D4521143ED200353508 /* Info.plist */ = {isa = PBXFileReference; lastKnownFileType = text.plist.xml; path = Info.plist; sourceTree = "<group>"; };
		C5C38D4621143ED200353508 /* main.m */ = {isa = PBXFileReference; lastKnownFileType = sourcecode.c.objc; path = main.m; sourceTree = "<group>"; };
/* End PBXFileReference section */

/* Begin PBXFrameworksBuildPhase section */
		C5A507CE21146006006F986D /* Frameworks */ = {
			isa = PBXFrameworksBuildPhase;
			buildActionMask = 2147483647;
			files = (
				854969A877791936BD86F2B2 /* libPods-GPUFilter.a in Frameworks */,
			);
			runOnlyForDeploymentPostprocessing = 0;
		};
		C5C38D3121143ED100353508 /* Frameworks */ = {
			isa = PBXFrameworksBuildPhase;
			buildActionMask = 2147483647;
			files = (
				FB26612C72A493EDB9E3F3C0 /* libPods-GPUImageDemo.a in Frameworks */,
			);
			runOnlyForDeploymentPostprocessing = 0;
		};
/* End PBXFrameworksBuildPhase section */

/* Begin PBXGroup section */
		4A433E215048451440BE9362 /* Frameworks */ = {
			isa = PBXGroup;
			children = (
				04F4A671CA0B598F6DC5B0D5 /* libPods-GPUImageDemo.a */,
				A50D04E63502DA7B3733E02A /* libPods-GPUFilter.a */,
			);
			name = Frameworks;
			sourceTree = "<group>";
		};
		B4B6D49F0E7D6D2DE8FD917F /* Pods */ = {
			isa = PBXGroup;
			children = (
				513AD75648BED7F23953C318 /* Pods-GPUImageDemo.debug.xcconfig */,
				23751A98B01168112B7CFD18 /* Pods-GPUImageDemo.release.xcconfig */,
				8B3BAC1AA8402CB8F96FBE7C /* Pods-GPUFilter.debug.xcconfig */,
				623C01DB30D4FB3016C3E7FA /* Pods-GPUFilter.release.xcconfig */,
			);
			name = Pods;
			sourceTree = "<group>";
		};
		C5A507D221146006006F986D /* GPUFilter */ = {
			isa = PBXGroup;
			children = (
				C5A507D321146006006F986D /* GPUFilter.h */,
				C5A507D421146006006F986D /* GPUFilter.m */,
			);
			path = GPUFilter;
			sourceTree = "<group>";
		};
		C5C38D2B21143ED100353508 = {
			isa = PBXGroup;
			children = (
				C5C38D3621143ED100353508 /* GPUImageDemo */,
				C5A507D221146006006F986D /* GPUFilter */,
				C5C38D3521143ED100353508 /* Products */,
				B4B6D49F0E7D6D2DE8FD917F /* Pods */,
				4A433E215048451440BE9362 /* Frameworks */,
			);
			sourceTree = "<group>";
		};
		C5C38D3521143ED100353508 /* Products */ = {
			isa = PBXGroup;
			children = (
				C5C38D3421143ED100353508 /* GPUImageDemo.app */,
				C5A507D121146006006F986D /* libGPUFilter.a */,
			);
			name = Products;
			sourceTree = "<group>";
		};
		C5C38D3621143ED100353508 /* GPUImageDemo */ = {
			isa = PBXGroup;
			children = (
				C5C38D3721143ED100353508 /* AppDelegate.h */,
				C5C38D3821143ED100353508 /* AppDelegate.m */,
				C5C38D3A21143ED100353508 /* ViewController.h */,
				C5C38D3B21143ED100353508 /* ViewController.mm */,
				C5C38D3D21143ED100353508 /* Main.storyboard */,
				C5C38D4021143ED200353508 /* Assets.xcassets */,
				C5C38D4221143ED200353508 /* LaunchScreen.storyboard */,
				C5C38D4521143ED200353508 /* Info.plist */,
				C5C38D4621143ED200353508 /* main.m */,
			);
			path = GPUImageDemo;
			sourceTree = "<group>";
		};
/* End PBXGroup section */

/* Begin PBXNativeTarget section */
		C5A507D021146006006F986D /* GPUFilter */ = {
			isa = PBXNativeTarget;
			buildConfigurationList = C5A507D721146006006F986D /* Build configuration list for PBXNativeTarget "GPUFilter" */;
			buildPhases = (
				410F39D148C14F8D227BF2D0 /* [CP] Check Pods Manifest.lock */,
				C5A507CD21146006006F986D /* Sources */,
				C5A507CE21146006006F986D /* Frameworks */,
				C5A507CF21146006006F986D /* CopyFiles */,
				847AAF0A6BA5DD1575D1D20A /* [CP] Copy Pods Resources */,
			);
			buildRules = (
			);
			dependencies = (
			);
			name = GPUFilter;
			productName = GPUFilter;
			productReference = C5A507D121146006006F986D /* libGPUFilter.a */;
			productType = "com.apple.product-type.library.static";
		};
		C5C38D3321143ED100353508 /* GPUImageDemo */ = {
			isa = PBXNativeTarget;
			buildConfigurationList = C5C38D4A21143ED200353508 /* Build configuration list for PBXNativeTarget "GPUImageDemo" */;
			buildPhases = (
				D70F5BB27A4474F6D4123A13 /* [CP] Check Pods Manifest.lock */,
				C5C38D3021143ED100353508 /* Sources */,
				C5C38D3121143ED100353508 /* Frameworks */,
				C5C38D3221143ED100353508 /* Resources */,
				A081EE9533E06C06D1A0359C /* [CP] Copy Pods Resources */,
			);
			buildRules = (
			);
			dependencies = (
			);
			name = GPUImageDemo;
			productName = GPUImageDemo;
			productReference = C5C38D3421143ED100353508 /* GPUImageDemo.app */;
			productType = "com.apple.product-type.application";
		};
/* End PBXNativeTarget section */

/* Begin PBXProject section */
		C5C38D2C21143ED100353508 /* Project object */ = {
			isa = PBXProject;
			attributes = {
				LastUpgradeCheck = 0940;
				ORGANIZATIONNAME = meitu;
				TargetAttributes = {
					C5A507D021146006006F986D = {
						CreatedOnToolsVersion = 9.4.1;
					};
					C5C38D3321143ED100353508 = {
						CreatedOnToolsVersion = 9.4.1;
					};
				};
			};
			buildConfigurationList = C5C38D2F21143ED100353508 /* Build configuration list for PBXProject "GPUImageDemo" */;
			compatibilityVersion = "Xcode 9.3";
			developmentRegion = en;
			hasScannedForEncodings = 0;
			knownRegions = (
				en,
				Base,
			);
			mainGroup = C5C38D2B21143ED100353508;
			productRefGroup = C5C38D3521143ED100353508 /* Products */;
			projectDirPath = "";
			projectRoot = "";
			targets = (
				C5C38D3321143ED100353508 /* GPUImageDemo */,
				C5A507D021146006006F986D /* GPUFilter */,
			);
		};
/* End PBXProject section */

/* Begin PBXResourcesBuildPhase section */
		C5C38D3221143ED100353508 /* Resources */ = {
			isa = PBXResourcesBuildPhase;
			buildActionMask = 2147483647;
			files = (
				C5C38D4421143ED200353508 /* LaunchScreen.storyboard in Resources */,
				C5C38D4121143ED200353508 /* Assets.xcassets in Resources */,
				C5C38D3F21143ED100353508 /* Main.storyboard in Resources */,
			);
			runOnlyForDeploymentPostprocessing = 0;
		};
/* End PBXResourcesBuildPhase section */

/* Begin PBXShellScriptBuildPhase section */
		410F39D148C14F8D227BF2D0 /* [CP] Check Pods Manifest.lock */ = {
			isa = PBXShellScriptBuildPhase;
			buildActionMask = 2147483647;
			files = (
			);
			inputPaths = (
				"${PODS_PODFILE_DIR_PATH}/Podfile.lock",
				"${PODS_ROOT}/Manifest.lock",
			);
			name = "[CP] Check Pods Manifest.lock";
			outputPaths = (
				"$(DERIVED_FILE_DIR)/Pods-GPUFilter-checkManifestLockResult.txt",
			);
			runOnlyForDeploymentPostprocessing = 0;
			shellPath = /bin/sh;
			shellScript = "diff \"${PODS_PODFILE_DIR_PATH}/Podfile.lock\" \"${PODS_ROOT}/Manifest.lock\" > /dev/null\nif [ $? != 0 ] ; then\n    # print error to STDERR\n    echo \"error: The sandbox is not in sync with the Podfile.lock. Run 'pod install' or update your CocoaPods installation.\" >&2\n    exit 1\nfi\n# This output is used by Xcode 'outputs' to avoid re-running this script phase.\necho \"SUCCESS\" > \"${SCRIPT_OUTPUT_FILE_0}\"\n";
			showEnvVarsInLog = 0;
		};
		847AAF0A6BA5DD1575D1D20A /* [CP] Copy Pods Resources */ = {
			isa = PBXShellScriptBuildPhase;
			buildActionMask = 2147483647;
			files = (
			);
			inputPaths = (
				"${SRCROOT}/Pods/Target Support Files/Pods-GPUFilter/Pods-GPUFilter-resources.sh",
				"${PODS_ROOT}/GPUImage/framework/Resources/lookup.png",
				"${PODS_ROOT}/GPUImage/framework/Resources/lookup_amatorka.png",
				"${PODS_ROOT}/GPUImage/framework/Resources/lookup_miss_etikate.png",
				"${PODS_ROOT}/GPUImage/framework/Resources/lookup_soft_elegance_1.png",
				"${PODS_ROOT}/GPUImage/framework/Resources/lookup_soft_elegance_2.png",
			);
			name = "[CP] Copy Pods Resources";
			outputPaths = (
				"${TARGET_BUILD_DIR}/${UNLOCALIZED_RESOURCES_FOLDER_PATH}/lookup.png",
				"${TARGET_BUILD_DIR}/${UNLOCALIZED_RESOURCES_FOLDER_PATH}/lookup_amatorka.png",
				"${TARGET_BUILD_DIR}/${UNLOCALIZED_RESOURCES_FOLDER_PATH}/lookup_miss_etikate.png",
				"${TARGET_BUILD_DIR}/${UNLOCALIZED_RESOURCES_FOLDER_PATH}/lookup_soft_elegance_1.png",
				"${TARGET_BUILD_DIR}/${UNLOCALIZED_RESOURCES_FOLDER_PATH}/lookup_soft_elegance_2.png",
			);
			runOnlyForDeploymentPostprocessing = 0;
			shellPath = /bin/sh;
			shellScript = "\"${SRCROOT}/Pods/Target Support Files/Pods-GPUFilter/Pods-GPUFilter-resources.sh\"\n";
			showEnvVarsInLog = 0;
		};
		A081EE9533E06C06D1A0359C /* [CP] Copy Pods Resources */ = {
			isa = PBXShellScriptBuildPhase;
			buildActionMask = 2147483647;
			files = (
			);
			inputPaths = (
				"${SRCROOT}/Pods/Target Support Files/Pods-GPUImageDemo/Pods-GPUImageDemo-resources.sh",
				"${PODS_ROOT}/GPUImage/framework/Resources/lookup.png",
				"${PODS_ROOT}/GPUImage/framework/Resources/lookup_amatorka.png",
				"${PODS_ROOT}/GPUImage/framework/Resources/lookup_miss_etikate.png",
				"${PODS_ROOT}/GPUImage/framework/Resources/lookup_soft_elegance_1.png",
				"${PODS_ROOT}/GPUImage/framework/Resources/lookup_soft_elegance_2.png",
			);
			name = "[CP] Copy Pods Resources";
			outputPaths = (
				"${TARGET_BUILD_DIR}/${UNLOCALIZED_RESOURCES_FOLDER_PATH}/lookup.png",
				"${TARGET_BUILD_DIR}/${UNLOCALIZED_RESOURCES_FOLDER_PATH}/lookup_amatorka.png",
				"${TARGET_BUILD_DIR}/${UNLOCALIZED_RESOURCES_FOLDER_PATH}/lookup_miss_etikate.png",
				"${TARGET_BUILD_DIR}/${UNLOCALIZED_RESOURCES_FOLDER_PATH}/lookup_soft_elegance_1.png",
				"${TARGET_BUILD_DIR}/${UNLOCALIZED_RESOURCES_FOLDER_PATH}/lookup_soft_elegance_2.png",
			);
			runOnlyForDeploymentPostprocessing = 0;
			shellPath = /bin/sh;
			shellScript = "\"${SRCROOT}/Pods/Target Support Files/Pods-GPUImageDemo/Pods-GPUImageDemo-resources.sh\"\n";
			showEnvVarsInLog = 0;
		};
		D70F5BB27A4474F6D4123A13 /* [CP] Check Pods Manifest.lock */ = {
			isa = PBXShellScriptBuildPhase;
			buildActionMask = 2147483647;
			files = (
			);
			inputPaths = (
				"${PODS_PODFILE_DIR_PATH}/Podfile.lock",
				"${PODS_ROOT}/Manifest.lock",
			);
			name = "[CP] Check Pods Manifest.lock";
			outputPaths = (
				"$(DERIVED_FILE_DIR)/Pods-GPUImageDemo-checkManifestLockResult.txt",
			);
			runOnlyForDeploymentPostprocessing = 0;
			shellPath = /bin/sh;
			shellScript = "diff \"${PODS_PODFILE_DIR_PATH}/Podfile.lock\" \"${PODS_ROOT}/Manifest.lock\" > /dev/null\nif [ $? != 0 ] ; then\n    # print error to STDERR\n    echo \"error: The sandbox is not in sync with the Podfile.lock. Run 'pod install' or update your CocoaPods installation.\" >&2\n    exit 1\nfi\n# This output is used by Xcode 'outputs' to avoid re-running this script phase.\necho \"SUCCESS\" > \"${SCRIPT_OUTPUT_FILE_0}\"\n";
			showEnvVarsInLog = 0;
		};
/* End PBXShellScriptBuildPhase section */

/* Begin PBXSourcesBuildPhase section */
		C5A507CD21146006006F986D /* Sources */ = {
			isa = PBXSourcesBuildPhase;
			buildActionMask = 2147483647;
			files = (
				C5A507D521146006006F986D /* GPUFilter.m in Sources */,
			);
			runOnlyForDeploymentPostprocessing = 0;
		};
		C5C38D3021143ED100353508 /* Sources */ = {
			isa = PBXSourcesBuildPhase;
			buildActionMask = 2147483647;
			files = (
				C5C38D3C21143ED100353508 /* ViewController.mm in Sources */,
				C5C38D4721143ED200353508 /* main.m in Sources */,
				C5C38D3921143ED100353508 /* AppDelegate.m in Sources */,
			);
			runOnlyForDeploymentPostprocessing = 0;
		};
/* End PBXSourcesBuildPhase section */

/* Begin PBXVariantGroup section */
		C5C38D3D21143ED100353508 /* Main.storyboard */ = {
			isa = PBXVariantGroup;
			children = (
				C5C38D3E21143ED100353508 /* Base */,
			);
			name = Main.storyboard;
			sourceTree = "<group>";
		};
		C5C38D4221143ED200353508 /* LaunchScreen.storyboard */ = {
			isa = PBXVariantGroup;
			children = (
				C5C38D4321143ED200353508 /* Base */,
			);
			name = LaunchScreen.storyboard;
			sourceTree = "<group>";
		};
/* End PBXVariantGroup section */

/* Begin XCBuildConfiguration section */
		C5A507D821146006006F986D /* Debug */ = {
			isa = XCBuildConfiguration;
			baseConfigurationReference = 8B3BAC1AA8402CB8F96FBE7C /* Pods-GPUFilter.debug.xcconfig */;
			buildSettings = {
				CODE_SIGN_STYLE = Automatic;
				DEVELOPMENT_TEAM = 68A6PPJ4F3;
				OTHER_LDFLAGS = (
					"-ObjC",
					"$(inherited)",
				);
				PRODUCT_NAME = "$(TARGET_NAME)";
				SKIP_INSTALL = YES;
				TARGETED_DEVICE_FAMILY = "1,2";
			};
			name = Debug;
		};
		C5A507D921146006006F986D /* Release */ = {
			isa = XCBuildConfiguration;
			baseConfigurationReference = 623C01DB30D4FB3016C3E7FA /* Pods-GPUFilter.release.xcconfig */;
			buildSettings = {
				CODE_SIGN_STYLE = Automatic;
				DEVELOPMENT_TEAM = 68A6PPJ4F3;
				OTHER_LDFLAGS = (
					"-ObjC",
					"$(inherited)",
				);
				PRODUCT_NAME = "$(TARGET_NAME)";
				SKIP_INSTALL = YES;
				TARGETED_DEVICE_FAMILY = "1,2";
			};
			name = Release;
		};
		C5C38D4821143ED200353508 /* Debug */ = {
			isa = XCBuildConfiguration;
			buildSettings = {
				ALWAYS_SEARCH_USER_PATHS = NO;
				CLANG_ANALYZER_NONNULL = YES;
				CLANG_ANALYZER_NUMBER_OBJECT_CONVERSION = YES_AGGRESSIVE;
				CLANG_CXX_LANGUAGE_STANDARD = "gnu++14";
				CLANG_CXX_LIBRARY = "libc++";
				CLANG_ENABLE_MODULES = YES;
				CLANG_ENABLE_OBJC_ARC = YES;
				CLANG_ENABLE_OBJC_WEAK = YES;
				CLANG_WARN_BLOCK_CAPTURE_AUTORELEASING = YES;
				CLANG_WARN_BOOL_CONVERSION = YES;
				CLANG_WARN_COMMA = YES;
				CLANG_WARN_CONSTANT_CONVERSION = YES;
				CLANG_WARN_DEPRECATED_OBJC_IMPLEMENTATIONS = YES;
				CLANG_WARN_DIRECT_OBJC_ISA_USAGE = YES_ERROR;
				CLANG_WARN_DOCUMENTATION_COMMENTS = YES;
				CLANG_WARN_EMPTY_BODY = YES;
				CLANG_WARN_ENUM_CONVERSION = YES;
				CLANG_WARN_INFINITE_RECURSION = YES;
				CLANG_WARN_INT_CONVERSION = YES;
				CLANG_WARN_NON_LITERAL_NULL_CONVERSION = YES;
				CLANG_WARN_OBJC_IMPLICIT_RETAIN_SELF = YES;
				CLANG_WARN_OBJC_LITERAL_CONVERSION = YES;
				CLANG_WARN_OBJC_ROOT_CLASS = YES_ERROR;
				CLANG_WARN_RANGE_LOOP_ANALYSIS = YES;
				CLANG_WARN_STRICT_PROTOTYPES = YES;
				CLANG_WARN_SUSPICIOUS_MOVE = YES;
				CLANG_WARN_UNGUARDED_AVAILABILITY = YES_AGGRESSIVE;
				CLANG_WARN_UNREACHABLE_CODE = YES;
				CLANG_WARN__DUPLICATE_METHOD_MATCH = YES;
				CODE_SIGN_IDENTITY = "iPhone Developer";
				COPY_PHASE_STRIP = NO;
				DEBUG_INFORMATION_FORMAT = dwarf;
				ENABLE_STRICT_OBJC_MSGSEND = YES;
				ENABLE_TESTABILITY = YES;
				GCC_C_LANGUAGE_STANDARD = gnu11;
				GCC_DYNAMIC_NO_PIC = NO;
				GCC_NO_COMMON_BLOCKS = YES;
				GCC_OPTIMIZATION_LEVEL = 0;
				GCC_PREPROCESSOR_DEFINITIONS = (
					"DEBUG=1",
					"$(inherited)",
				);
				GCC_WARN_64_TO_32_BIT_CONVERSION = YES;
				GCC_WARN_ABOUT_RETURN_TYPE = YES_ERROR;
				GCC_WARN_UNDECLARED_SELECTOR = YES;
				GCC_WARN_UNINITIALIZED_AUTOS = YES_AGGRESSIVE;
				GCC_WARN_UNUSED_FUNCTION = YES;
				GCC_WARN_UNUSED_VARIABLE = YES;
				IPHONEOS_DEPLOYMENT_TARGET = 11.4;
				MTL_ENABLE_DEBUG_INFO = YES;
				ONLY_ACTIVE_ARCH = YES;
				SDKROOT = iphoneos;
			};
			name = Debug;
		};
		C5C38D4921143ED200353508 /* Release */ = {
			isa = XCBuildConfiguration;
			buildSettings = {
				ALWAYS_SEARCH_USER_PATHS = NO;
				CLANG_ANALYZER_NONNULL = YES;
				CLANG_ANALYZER_NUMBER_OBJECT_CONVERSION = YES_AGGRESSIVE;
				CLANG_CXX_LANGUAGE_STANDARD = "gnu++14";
				CLANG_CXX_LIBRARY = "libc++";
				CLANG_ENABLE_MODULES = YES;
				CLANG_ENABLE_OBJC_ARC = YES;
				CLANG_ENABLE_OBJC_WEAK = YES;
				CLANG_WARN_BLOCK_CAPTURE_AUTORELEASING = YES;
				CLANG_WARN_BOOL_CONVERSION = YES;
				CLANG_WARN_COMMA = YES;
				CLANG_WARN_CONSTANT_CONVERSION = YES;
				CLANG_WARN_DEPRECATED_OBJC_IMPLEMENTATIONS = YES;
				CLANG_WARN_DIRECT_OBJC_ISA_USAGE = YES_ERROR;
				CLANG_WARN_DOCUMENTATION_COMMENTS = YES;
				CLANG_WARN_EMPTY_BODY = YES;
				CLANG_WARN_ENUM_CONVERSION = YES;
				CLANG_WARN_INFINITE_RECURSION = YES;
				CLANG_WARN_INT_CONVERSION = YES;
				CLANG_WARN_NON_LITERAL_NULL_CONVERSION = YES;
				CLANG_WARN_OBJC_IMPLICIT_RETAIN_SELF = YES;
				CLANG_WARN_OBJC_LITERAL_CONVERSION = YES;
				CLANG_WARN_OBJC_ROOT_CLASS = YES_ERROR;
				CLANG_WARN_RANGE_LOOP_ANALYSIS = YES;
				CLANG_WARN_STRICT_PROTOTYPES = YES;
				CLANG_WARN_SUSPICIOUS_MOVE = YES;
				CLANG_WARN_UNGUARDED_AVAILABILITY = YES_AGGRESSIVE;
				CLANG_WARN_UNREACHABLE_CODE = YES;
				CLANG_WARN__DUPLICATE_METHOD_MATCH = YES;
				CODE_SIGN_IDENTITY = "iPhone Developer";
				COPY_PHASE_STRIP = NO;
				DEBUG_INFORMATION_FORMAT = "dwarf-with-dsym";
				ENABLE_NS_ASSERTIONS = NO;
				ENABLE_STRICT_OBJC_MSGSEND = YES;
				GCC_C_LANGUAGE_STANDARD = gnu11;
				GCC_NO_COMMON_BLOCKS = YES;
				GCC_WARN_64_TO_32_BIT_CONVERSION = YES;
				GCC_WARN_ABOUT_RETURN_TYPE = YES_ERROR;
				GCC_WARN_UNDECLARED_SELECTOR = YES;
				GCC_WARN_UNINITIALIZED_AUTOS = YES_AGGRESSIVE;
				GCC_WARN_UNUSED_FUNCTION = YES;
				GCC_WARN_UNUSED_VARIABLE = YES;
				IPHONEOS_DEPLOYMENT_TARGET = 11.4;
				MTL_ENABLE_DEBUG_INFO = NO;
				SDKROOT = iphoneos;
				VALIDATE_PRODUCT = YES;
			};
			name = Release;
		};
		C5C38D4B21143ED200353508 /* Debug */ = {
			isa = XCBuildConfiguration;
			baseConfigurationReference = 513AD75648BED7F23953C318 /* Pods-GPUImageDemo.debug.xcconfig */;
			buildSettings = {
				ASSETCATALOG_COMPILER_APPICON_NAME = AppIcon;
				CODE_SIGN_STYLE = Automatic;
				DEVELOPMENT_TEAM = 68A6PPJ4F3;
				INFOPLIST_FILE = GPUImageDemo/Info.plist;
				IPHONEOS_DEPLOYMENT_TARGET = 9.0;
				LD_RUNPATH_SEARCH_PATHS = (
					"$(inherited)",
					"@executable_path/Frameworks",
				);
				PRODUCT_BUNDLE_IDENTIFIER = com.meitu.hw1;
				PRODUCT_NAME = "$(TARGET_NAME)";
				TARGETED_DEVICE_FAMILY = "1,2";
			};
			name = Debug;
		};
		C5C38D4C21143ED200353508 /* Release */ = {
			isa = XCBuildConfiguration;
			baseConfigurationReference = 23751A98B01168112B7CFD18 /* Pods-GPUImageDemo.release.xcconfig */;
			buildSettings = {
				ASSETCATALOG_COMPILER_APPICON_NAME = AppIcon;
				CODE_SIGN_STYLE = Automatic;
				DEVELOPMENT_TEAM = 68A6PPJ4F3;
				INFOPLIST_FILE = GPUImageDemo/Info.plist;
				IPHONEOS_DEPLOYMENT_TARGET = 9.0;
				LD_RUNPATH_SEARCH_PATHS = (
					"$(inherited)",
					"@executable_path/Frameworks",
				);
				PRODUCT_BUNDLE_IDENTIFIER = com.meitu.hw1;
				PRODUCT_NAME = "$(TARGET_NAME)";
				TARGETED_DEVICE_FAMILY = "1,2";
			};
			name = Release;
		};
/* End XCBuildConfiguration section */

/* Begin XCConfigurationList section */
		C5A507D721146006006F986D /* Build configuration list for PBXNativeTarget "GPUFilter" */ = {
			isa = XCConfigurationList;
			buildConfigurations = (
				C5A507D821146006006F986D /* Debug */,
				C5A507D921146006006F986D /* Release */,
			);
			defaultConfigurationIsVisible = 0;
			defaultConfigurationName = Release;
		};
		C5C38D2F21143ED100353508 /* Build configuration list for PBXProject "GPUImageDemo" */ = {
			isa = XCConfigurationList;
			buildConfigurations = (
				C5C38D4821143ED200353508 /* Debug */,
				C5C38D4921143ED200353508 /* Release */,
			);
			defaultConfigurationIsVisible = 0;
			defaultConfigurationName = Release;
		};
		C5C38D4A21143ED200353508 /* Build configuration list for PBXNativeTarget "GPUImageDemo" */ = {
			isa = XCConfigurationList;
			buildConfigurations = (
				C5C38D4B21143ED200353508 /* Debug */,
				C5C38D4C21143ED200353508 /* Release */,
			);
			defaultConfigurationIsVisible = 0;
			defaultConfigurationName = Release;
		};
/* End XCConfigurationList section */
	};
	rootObject = C5C38D2C21143ED100353508 /* Project object */;
}
